
Microsoft Visual Studio Solution File, Format Version 12.00
# Visual Studio Version 16
VisualStudioVersion = 16.0.32126.315
MinimumVisualStudioVersion = 10.0.40219.1
Project("{8BC9CEB8-8B4A-11D0-8D11-00A0C91BC942}") = "Project1", "Project1\Project1.vcxproj", "{77F37678-0713-4D57-B62A-6D2BB7D205D9}"
EndProject
Global
	GlobalSection(SolutionConfigurationPlatforms) = preSolution
		Debug|x64 = Debug|x64
		Debug|x86 = Debug|x86
		Release|x64 = Release|x64
		Release|x86 = Release|x86
	EndGlobalSection
	GlobalSection(ProjectConfigurationPlatforms) = postSolution
		{77F37678-0713-4D57-B62A-6D2BB7D205D9}.Debug|x64.ActiveCfg = Debug|x64
		{77F37678-0713-4D57-B62A-6D2BB7D205D9}.Debug|x64.Build.0 = Debug|x64
		{77F37678-0713-4D57-B62A-6D2BB7D205D9}.Debug|x86.ActiveCfg = Debug|Win32
		{77F37678-0713-4D57-B62A-6D2BB7D205D9}.Debug|x86.Build.0 = Debug|Win32
		{77F37678-0713-4D57-B62A-6D2BB7D205D9}.Release|x64.ActiveCfg = Release|x64
		{77F37678-0713-4D57-B62A-6D2BB7D205D9}.Release|x64.Build.0 = Release|x64
		{77F37678-0713-4D57-B62A-6D2BB7D205D9}.Release|x86.ActiveCfg = Release|Win32
		{77F37678-0713-4D57-B62A-6D2BB7D205D9}.Release|x86.Build.0 = Release|Win32
	EndGlobalSection
	GlobalSection(SolutionProperties) = preSolution
		HideSolutionNode = FALSE
	EndGlobalSection
	GlobalSection(ExtensibilityGlobals) = postSolution
		SolutionGuid = {576D23A4-3B96-46DF-A82D-E876D4A45E6F}
	EndGlobalSection
EndGlobal
